
Microsoft Visual Studio Solution File, Format Version 12.00
# Visual Studio 15
VisualStudioVersion = 15.0.26124.0
MinimumVisualStudioVersion = 15.0.26124.0
Project("{2150E333-8FDC-42A3-9474-1A3956D46DE8}") = "src", "src", "{43109AD7-A3CE-469E-9ABD-C50C48044DD9}"
EndProject
Project("{FAE04EC0-301F-11D3-BF4B-00C04F79EFBC}") = "GradeBook", "src\GradeBook\GradeBook.csproj", "{0608FE9E-37E8-4CE3-9A1B-6121DFDA15AB}"
EndProject
Project("{2150E333-8FDC-42A3-9474-1A3956D46DE8}") = "test", "test", "{35ED4A69-E192-43AE-85D2-5BA52224FA4F}"
EndProject
Project("{FAE04EC0-301F-11D3-BF4B-00C04F79EFBC}") = "GradeBook.Tests", "test\GradeBook.Tests\GradeBook.Tests.csproj", "{FAB8F779-11E7-461C-A9B9-8C22443EF268}"
EndProject
Global
	GlobalSection(SolutionConfigurationPlatforms) = preSolution
		Debug|Any CPU = Debug|Any CPU
		Debug|x64 = Debug|x64
		Debug|x86 = Debug|x86
		Release|Any CPU = Release|Any CPU
		Release|x64 = Release|x64
		Release|x86 = Release|x86
	EndGlobalSection
	GlobalSection(SolutionProperties) = preSolution
		HideSolutionNode = FALSE
	EndGlobalSection
	GlobalSection(ProjectConfigurationPlatforms) = postSolution
		{0608FE9E-37E8-4CE3-9A1B-6121DFDA15AB}.Debug|Any CPU.ActiveCfg = Debug|Any CPU
		{0608FE9E-37E8-4CE3-9A1B-6121DFDA15AB}.Debug|Any CPU.Build.0 = Debug|Any CPU
		{0608FE9E-37E8-4CE3-9A1B-6121DFDA15AB}.Debug|x64.ActiveCfg = Debug|Any CPU
		{0608FE9E-37E8-4CE3-9A1B-6121DFDA15AB}.Debug|x64.Build.0 = Debug|Any CPU
		{0608FE9E-37E8-4CE3-9A1B-6121DFDA15AB}.Debug|x86.ActiveCfg = Debug|Any CPU
		{0608FE9E-37E8-4CE3-9A1B-6121DFDA15AB}.Debug|x86.Build.0 = Debug|Any CPU
		{0608FE9E-37E8-4CE3-9A1B-6121DFDA15AB}.Release|Any CPU.ActiveCfg = Release|Any CPU
		{0608FE9E-37E8-4CE3-9A1B-6121DFDA15AB}.Release|Any CPU.Build.0 = Release|Any CPU
		{0608FE9E-37E8-4CE3-9A1B-6121DFDA15AB}.Release|x64.ActiveCfg = Release|Any CPU
		{0608FE9E-37E8-4CE3-9A1B-6121DFDA15AB}.Release|x64.Build.0 = Release|Any CPU
		{0608FE9E-37E8-4CE3-9A1B-6121DFDA15AB}.Release|x86.ActiveCfg = Release|Any CPU
		{0608FE9E-37E8-4CE3-9A1B-6121DFDA15AB}.Release|x86.Build.0 = Release|Any CPU
		{FAB8F779-11E7-461C-A9B9-8C22443EF268}.Debug|Any CPU.ActiveCfg = Debug|Any CPU
		{FAB8F779-11E7-461C-A9B9-8C22443EF268}.Debug|Any CPU.Build.0 = Debug|Any CPU
		{FAB8F779-11E7-461C-A9B9-8C22443EF268}.Debug|x64.ActiveCfg = Debug|Any CPU
		{FAB8F779-11E7-461C-A9B9-8C22443EF268}.Debug|x64.Build.0 = Debug|Any CPU
		{FAB8F779-11E7-461C-A9B9-8C22443EF268}.Debug|x86.ActiveCfg = Debug|Any CPU
		{FAB8F779-11E7-461C-A9B9-8C22443EF268}.Debug|x86.Build.0 = Debug|Any CPU
		{FAB8F779-11E7-461C-A9B9-8C22443EF268}.Release|Any CPU.ActiveCfg = Release|Any CPU
		{FAB8F779-11E7-461C-A9B9-8C22443EF268}.Release|Any CPU.Build.0 = Release|Any CPU
		{FAB8F779-11E7-461C-A9B9-8C22443EF268}.Release|x64.ActiveCfg = Release|Any CPU
		{FAB8F779-11E7-461C-A9B9-8C22443EF268}.Release|x64.Build.0 = Release|Any CPU
		{FAB8F779-11E7-461C-A9B9-8C22443EF268}.Release|x86.ActiveCfg = Release|Any CPU
		{FAB8F779-11E7-461C-A9B9-8C22443EF268}.Release|x86.Build.0 = Release|Any CPU
	EndGlobalSection
	GlobalSection(NestedProjects) = preSolution
		{0608FE9E-37E8-4CE3-9A1B-6121DFDA15AB} = {43109AD7-A3CE-469E-9ABD-C50C48044DD9}
		{FAB8F779-11E7-461C-A9B9-8C22443EF268} = {35ED4A69-E192-43AE-85D2-5BA52224FA4F}
	EndGlobalSection
EndGlobal
